NeoBundleLock neobundle.vim e4e6766e7bbcac9b7048ee247f02af9020b9df29
NeoBundleLock qfixhowm bcd081b042df207196172e6988152e3b73e5ec35
NeoBundleLock unite.vim 08583c1137a009d55bc99660f1afe638c62c8583
NeoBundleLock vim-colors-solarized 528a59f26d12278698bb946f8fb82a63711eec21
NeoBundleLock vimfiler cd75a62026d56f116b43437f0fed9e7cdfa5b17b
