NeoBundleLock ag.vim f05f31352689be245611c893b37652110f27a2c5
NeoBundleLock clever-f.vim 25ee86acef85877094fa0dfc9584d53da0e268b6
NeoBundleLock emmet-vim af10f14ae5bf31e3cd3b4444e9c336b71821777b
NeoBundleLock gitv 76a30e96eeb977e9dc8a8a5cc15b7f903c420e67
NeoBundleLock httpstatus-vim e53ba547617cab371e9642f853fef05f9ff7835c
NeoBundleLock lightline.vim 387606ebc57e4f5a48f788397ce8a3aee4ce5a23
NeoBundleLock matchit 060d9d8aa381d6a650b649d38c992b59db3ed1a3
NeoBundleLock neobundle.vim f5ace1d749382ab5e5a22670d57c61303a927b72
NeoBundleLock neocomplcache d83bcbd0b142eb8de9d669ead26914cd7322a51c
NeoBundleLock neomru.vim 7df9999b841228661ff73909c5b9e34952331e22
NeoBundleLock neosnippet 044c9cb8ca46a5e27eec37198990c26fe707b02a
NeoBundleLock neosnippet-snippets 753906042c079d64d038565e6e518e1318ea6ec6
NeoBundleLock open-browser.vim 7401abae649219708cc09a50e4f8967c5a11083c
NeoBundleLock switch.vim b167533b0fac6ccac35fb862638cbe7d87c3f1c5
NeoBundleLock syntastic c297fbebbdd679120a1f9faa5b9307395ab9d613
NeoBundleLock unite-rails e173c8ec28c18744a0b778ef78b600ce8759914f
NeoBundleLock unite.vim 08583c1137a009d55bc99660f1afe638c62c8583
NeoBundleLock vim-abolish 665bed73aded4049a6d9bdaf3c87ee69af983abb
NeoBundleLock vim-alignta cb3d593c48d7d3aef829b5aff49ddade24417a9f
NeoBundleLock vim-coffee-script 827e4a38b07479433b619091469a7495a392df8a
NeoBundleLock vim-colors-solarized 528a59f26d12278698bb946f8fb82a63711eec21
NeoBundleLock vim-fugitive 0095769029709b531d2505ee6ad9907dd9bd72a0
NeoBundleLock vim-gista e450417a6eaeb99d3982b880507697dce85b7217
NeoBundleLock vim-over 9b8f1aba12444433f6473085213c8eec704be98f
NeoBundleLock vim-rails 5f517db69d12976397443ea2dfead3da4592ccb9
NeoBundleLock vim-slim 0daaa8581f9a9968cebbc7d14ae9acf1625c0389
NeoBundleLock vim-surround ec579a50478758ee6cebe265cf536f9a2f6c4e34
NeoBundleLock vimfiler 746e8e18bdc1079d46283de183f7f4824d7b9f92
NeoBundleLock yankround.vim c4974110a5ad249450fbc3b78b9f52681f868e91
